// !$*UTF8*$!
{
	archiveVersion = 1;
	classes = {
	};
	objectVersion = 50;
	objects = {

/* Begin PBXBuildFile section */
		4D1FD08E24652845003A250B /* AppDelegate.swift in Sources */ = {isa = PBXBuildFile; fileRef = 4D1FD08D24652845003A250B /* AppDelegate.swift */; };
		4D1FD09324652845003A250B /* Main.storyboard in Resources */ = {isa = PBXBuildFile; fileRef = 4D1FD09124652845003A250B /* Main.storyboard */; };
		4D1FD09524652847003A250B /* Assets.xcassets in Resources */ = {isa = PBXBuildFile; fileRef = 4D1FD09424652847003A250B /* Assets.xcassets */; };
		4D1FD09824652847003A250B /* LaunchScreen.storyboard in Resources */ = {isa = PBXBuildFile; fileRef = 4D1FD09624652847003A250B /* LaunchScreen.storyboard */; };
		4D1FD0A324652847003A250B /* MVPSimpleSampleTests.swift in Sources */ = {isa = PBXBuildFile; fileRef = 4D1FD0A224652847003A250B /* MVPSimpleSampleTests.swift */; };
		4D1FD0AE24652847003A250B /* MVPSimpleSampleUITests.swift in Sources */ = {isa = PBXBuildFile; fileRef = 4D1FD0AD24652847003A250B /* MVPSimpleSampleUITests.swift */; };
		4D1FD0BC246529F3003A250B /* SampleViewController.swift in Sources */ = {isa = PBXBuildFile; fileRef = 4D1FD0BB246529F3003A250B /* SampleViewController.swift */; };
		4D1FD0BE24652A0E003A250B /* SamplePresenter.swift in Sources */ = {isa = PBXBuildFile; fileRef = 4D1FD0BD24652A0E003A250B /* SamplePresenter.swift */; };
		4D1FD0C024652A29003A250B /* SampleModel.swift in Sources */ = {isa = PBXBuildFile; fileRef = 4D1FD0BF24652A29003A250B /* SampleModel.swift */; };
/* End PBXBuildFile section */

/* Begin PBXContainerItemProxy section */
		4D1FD09F24652847003A250B /* PBXContainerItemProxy */ = {
			isa = PBXContainerItemProxy;
			containerPortal = 4D1FD08224652845003A250B /* Project object */;
			proxyType = 1;
			remoteGlobalIDString = 4D1FD08924652845003A250B;
			remoteInfo = MVPSimpleSample;
		};
		4D1FD0AA24652847003A250B /* PBXContainerItemProxy */ = {
			isa = PBXContainerItemProxy;
			containerPortal = 4D1FD08224652845003A250B /* Project object */;
			proxyType = 1;
			remoteGlobalIDString = 4D1FD08924652845003A250B;
			remoteInfo = MVPSimpleSample;
		};
/* End PBXContainerItemProxy section */

/* Begin PBXFileReference section */
		4D1FD08A24652845003A250B /* MVPSimpleSample.app */ = {isa = PBXFileReference; explicitFileType = wrapper.application; includeInIndex = 0; path = MVPSimpleSample.app; sourceTree = BUILT_PRODUCTS_DIR; };
		4D1FD08D24652845003A250B /* AppDelegate.swift */ = {isa = PBXFileReference; lastKnownFileType = sourcecode.swift; path = AppDelegate.swift; sourceTree = "<group>"; };
		4D1FD09224652845003A250B /* Base */ = {isa = PBXFileReference; lastKnownFileType = file.storyboard; name = Base; path = Base.lproj/Main.storyboard; sourceTree = "<group>"; };
		4D1FD09424652847003A250B /* Assets.xcassets */ = {isa = PBXFileReference; lastKnownFileType = folder.assetcatalog; path = Assets.xcassets; sourceTree = "<group>"; };
		4D1FD09724652847003A250B /* Base */ = {isa = PBXFileReference; lastKnownFileType = file.storyboard; name = Base; path = Base.lproj/LaunchScreen.storyboard; sourceTree = "<group>"; };
		4D1FD09924652847003A250B /* Info.plist */ = {isa = PBXFileReference; lastKnownFileType = text.plist.xml; path = Info.plist; sourceTree = "<group>"; };
		4D1FD09E24652847003A250B /* MVPSimpleSampleTests.xctest */ = {isa = PBXFileReference; explicitFileType = wrapper.cfbundle; includeInIndex = 0; path = MVPSimpleSampleTests.xctest; sourceTree = BUILT_PRODUCTS_DIR; };
		4D1FD0A224652847003A250B /* MVPSimpleSampleTests.swift */ = {isa = PBXFileReference; lastKnownFileType = sourcecode.swift; path = MVPSimpleSampleTests.swift; sourceTree = "<group>"; };
		4D1FD0A424652847003A250B /* Info.plist */ = {isa = PBXFileReference; lastKnownFileType = text.plist.xml; path = Info.plist; sourceTree = "<group>"; };
		4D1FD0A924652847003A250B /* MVPSimpleSampleUITests.xctest */ = {isa = PBXFileReference; explicitFileType = wrapper.cfbundle; includeInIndex = 0; path = MVPSimpleSampleUITests.xctest; sourceTree = BUILT_PRODUCTS_DIR; };
		4D1FD0AD24652847003A250B /* MVPSimpleSampleUITests.swift */ = {isa = PBXFileReference; lastKnownFileType = sourcecode.swift; path = MVPSimpleSampleUITests.swift; sourceTree = "<group>"; };
		4D1FD0AF24652847003A250B /* Info.plist */ = {isa = PBXFileReference; lastKnownFileType = text.plist.xml; path = Info.plist; sourceTree = "<group>"; };
		4D1FD0BB246529F3003A250B /* SampleViewController.swift */ = {isa = PBXFileReference; lastKnownFileType = sourcecode.swift; path = SampleViewController.swift; sourceTree = "<group>"; };
		4D1FD0BD24652A0E003A250B /* SamplePresenter.swift */ = {isa = PBXFileReference; lastKnownFileType = sourcecode.swift; path = SamplePresenter.swift; sourceTree = "<group>"; };
		4D1FD0BF24652A29003A250B /* SampleModel.swift */ = {isa = PBXFileReference; lastKnownFileType = sourcecode.swift; path = SampleModel.swift; sourceTree = "<group>"; };
/* End PBXFileReference section */

/* Begin PBXFrameworksBuildPhase section */
		4D1FD08724652845003A250B /* Frameworks */ = {
			isa = PBXFrameworksBuildPhase;
			buildActionMask = 2147483647;
			files = (
			);
			runOnlyForDeploymentPostprocessing = 0;
		};
		4D1FD09B24652847003A250B /* Frameworks */ = {
			isa = PBXFrameworksBuildPhase;
			buildActionMask = 2147483647;
			files = (
			);
			runOnlyForDeploymentPostprocessing = 0;
		};
		4D1FD0A624652847003A250B /* Frameworks */ = {
			isa = PBXFrameworksBuildPhase;
			buildActionMask = 2147483647;
			files = (
			);
			runOnlyForDeploymentPostprocessing = 0;
		};
/* End PBXFrameworksBuildPhase section */

/* Begin PBXGroup section */
		4D1FD08124652845003A250B = {
			isa = PBXGroup;
			children = (
				4D1FD08C24652845003A250B /* MVPSimpleSample */,
				4D1FD0A124652847003A250B /* MVPSimpleSampleTests */,
				4D1FD0AC24652847003A250B /* MVPSimpleSampleUITests */,
				4D1FD08B24652845003A250B /* Products */,
			);
			sourceTree = "<group>";
		};
		4D1FD08B24652845003A250B /* Products */ = {
			isa = PBXGroup;
			children = (
				4D1FD08A24652845003A250B /* MVPSimpleSample.app */,
				4D1FD09E24652847003A250B /* MVPSimpleSampleTests.xctest */,
				4D1FD0A924652847003A250B /* MVPSimpleSampleUITests.xctest */,
			);
			name = Products;
			sourceTree = "<group>";
		};
		4D1FD08C24652845003A250B /* MVPSimpleSample */ = {
			isa = PBXGroup;
			children = (
				4DEF7B7824653BBD00C6F5ED /* Presenter */,
				4DEF7B7724653BB300C6F5ED /* Model */,
				4DEF7B7624653BA600C6F5ED /* View */,
				4D1FD08D24652845003A250B /* AppDelegate.swift */,
				4D1FD09124652845003A250B /* Main.storyboard */,
				4D1FD09424652847003A250B /* Assets.xcassets */,
				4D1FD09624652847003A250B /* LaunchScreen.storyboard */,
				4D1FD09924652847003A250B /* Info.plist */,
			);
			path = MVPSimpleSample;
			sourceTree = "<group>";
		};
		4D1FD0A124652847003A250B /* MVPSimpleSampleTests */ = {
			isa = PBXGroup;
			children = (
				4D1FD0A224652847003A250B /* MVPSimpleSampleTests.swift */,
				4D1FD0A424652847003A250B /* Info.plist */,
			);
			path = MVPSimpleSampleTests;
			sourceTree = "<group>";
		};
		4D1FD0AC24652847003A250B /* MVPSimpleSampleUITests */ = {
			isa = PBXGroup;
			children = (
				4D1FD0AD24652847003A250B /* MVPSimpleSampleUITests.swift */,
				4D1FD0AF24652847003A250B /* Info.plist */,
			);
			path = MVPSimpleSampleUITests;
			sourceTree = "<group>";
		};
		4DEF7B7624653BA600C6F5ED /* View */ = {
			isa = PBXGroup;
			children = (
				4D1FD0BB246529F3003A250B /* SampleViewController.swift */,
			);
			path = View;
			sourceTree = "<group>";
		};
		4DEF7B7724653BB300C6F5ED /* Model */ = {
			isa = PBXGroup;
			children = (
				4D1FD0BF24652A29003A250B /* SampleModel.swift */,
			);
			path = Model;
			sourceTree = "<group>";
		};
		4DEF7B7824653BBD00C6F5ED /* Presenter */ = {
			isa = PBXGroup;
			children = (
				4D1FD0BD24652A0E003A250B /* SamplePresenter.swift */,
			);
			path = Presenter;
			sourceTree = "<group>";
		};
/* End PBXGroup section */

/* Begin PBXNativeTarget section */
		4D1FD08924652845003A250B /* MVPSimpleSample */ = {
			isa = PBXNativeTarget;
			buildConfigurationList = 4D1FD0B224652847003A250B /* Build configuration list for PBXNativeTarget "MVPSimpleSample" */;
			buildPhases = (
				4D1FD08624652845003A250B /* Sources */,
				4D1FD08724652845003A250B /* Frameworks */,
				4D1FD08824652845003A250B /* Resources */,
			);
			buildRules = (
			);
			dependencies = (
			);
			name = MVPSimpleSample;
			productName = MVPSimpleSample;
			productReference = 4D1FD08A24652845003A250B /* MVPSimpleSample.app */;
			productType = "com.apple.product-type.application";
		};
		4D1FD09D24652847003A250B /* MVPSimpleSampleTests */ = {
			isa = PBXNativeTarget;
			buildConfigurationList = 4D1FD0B524652847003A250B /* Build configuration list for PBXNativeTarget "MVPSimpleSampleTests" */;
			buildPhases = (
				4D1FD09A24652847003A250B /* Sources */,
				4D1FD09B24652847003A250B /* Frameworks */,
				4D1FD09C24652847003A250B /* Resources */,
			);
			buildRules = (
			);
			dependencies = (
				4D1FD0A024652847003A250B /* PBXTargetDependency */,
			);
			name = MVPSimpleSampleTests;
			productName = MVPSimpleSampleTests;
			productReference = 4D1FD09E24652847003A250B /* MVPSimpleSampleTests.xctest */;
			productType = "com.apple.product-type.bundle.unit-test";
		};
		4D1FD0A824652847003A250B /* MVPSimpleSampleUITests */ = {
			isa = PBXNativeTarget;
			buildConfigurationList = 4D1FD0B824652847003A250B /* Build configuration list for PBXNativeTarget "MVPSimpleSampleUITests" */;
			buildPhases = (
				4D1FD0A524652847003A250B /* Sources */,
				4D1FD0A624652847003A250B /* Frameworks */,
				4D1FD0A724652847003A250B /* Resources */,
			);
			buildRules = (
			);
			dependencies = (
				4D1FD0AB24652847003A250B /* PBXTargetDependency */,
			);
			name = MVPSimpleSampleUITests;
			productName = MVPSimpleSampleUITests;
			productReference = 4D1FD0A924652847003A250B /* MVPSimpleSampleUITests.xctest */;
			productType = "com.apple.product-type.bundle.ui-testing";
		};
/* End PBXNativeTarget section */

/* Begin PBXProject section */
		4D1FD08224652845003A250B /* Project object */ = {
			isa = PBXProject;
			attributes = {
				LastSwiftUpdateCheck = 1020;
				LastUpgradeCheck = 1020;
				ORGANIZATIONNAME = "大山 貴史";
				TargetAttributes = {
					4D1FD08924652845003A250B = {
						CreatedOnToolsVersion = 10.2.1;
					};
					4D1FD09D24652847003A250B = {
						CreatedOnToolsVersion = 10.2.1;
						TestTargetID = 4D1FD08924652845003A250B;
					};
					4D1FD0A824652847003A250B = {
						CreatedOnToolsVersion = 10.2.1;
						TestTargetID = 4D1FD08924652845003A250B;
					};
				};
			};
			buildConfigurationList = 4D1FD08524652845003A250B /* Build configuration list for PBXProject "MVPSimpleSample" */;
			compatibilityVersion = "Xcode 9.3";
			developmentRegion = en;
			hasScannedForEncodings = 0;
			knownRegions = (
				en,
				Base,
			);
			mainGroup = 4D1FD08124652845003A250B;
			productRefGroup = 4D1FD08B24652845003A250B /* Products */;
			projectDirPath = "";
			projectRoot = "";
			targets = (
				4D1FD08924652845003A250B /* MVPSimpleSample */,
				4D1FD09D24652847003A250B /* MVPSimpleSampleTests */,
				4D1FD0A824652847003A250B /* MVPSimpleSampleUITests */,
			);
		};
/* End PBXProject section */

/* Begin PBXResourcesBuildPhase section */
		4D1FD08824652845003A250B /* Resources */ = {
			isa = PBXResourcesBuildPhase;
			buildActionMask = 2147483647;
			files = (
				4D1FD09824652847003A250B /* LaunchScreen.storyboard in Resources */,
				4D1FD09524652847003A250B /* Assets.xcassets in Resources */,
				4D1FD09324652845003A250B /* Main.storyboard in Resources */,
			);
			runOnlyForDeploymentPostprocessing = 0;
		};
		4D1FD09C24652847003A250B /* Resources */ = {
			isa = PBXResourcesBuildPhase;
			buildActionMask = 2147483647;
			files = (
			);
			runOnlyForDeploymentPostprocessing = 0;
		};
		4D1FD0A724652847003A250B /* Resources */ = {
			isa = PBXResourcesBuildPhase;
			buildActionMask = 2147483647;
			files = (
			);
			runOnlyForDeploymentPostprocessing = 0;
		};
/* End PBXResourcesBuildPhase section */

/* Begin PBXSourcesBuildPhase section */
		4D1FD08624652845003A250B /* Sources */ = {
			isa = PBXSourcesBuildPhase;
			buildActionMask = 2147483647;
			files = (
				4D1FD0C024652A29003A250B /* SampleModel.swift in Sources */,
				4D1FD08E24652845003A250B /* AppDelegate.swift in Sources */,
				4D1FD0BE24652A0E003A250B /* SamplePresenter.swift in Sources */,
				4D1FD0BC246529F3003A250B /* SampleViewController.swift in Sources */,
			);
			runOnlyForDeploymentPostprocessing = 0;
		};
		4D1FD09A24652847003A250B /* Sources */ = {
			isa = PBXSourcesBuildPhase;
			buildActionMask = 2147483647;
			files = (
				4D1FD0A324652847003A250B /* MVPSimpleSampleTests.swift in Sources */,
			);
			runOnlyForDeploymentPostprocessing = 0;
		};
		4D1FD0A524652847003A250B /* Sources */ = {
			isa = PBXSourcesBuildPhase;
			buildActionMask = 2147483647;
			files = (
				4D1FD0AE24652847003A250B /* MVPSimpleSampleUITests.swift in Sources */,
			);
			runOnlyForDeploymentPostprocessing = 0;
		};
/* End PBXSourcesBuildPhase section */

/* Begin PBXTargetDependency section */
		4D1FD0A024652847003A250B /* PBXTargetDependency */ = {
			isa = PBXTargetDependency;
			target = 4D1FD08924652845003A250B /* MVPSimpleSample */;
			targetProxy = 4D1FD09F24652847003A250B /* PBXContainerItemProxy */;
		};
		4D1FD0AB24652847003A250B /* PBXTargetDependency */ = {
			isa = PBXTargetDependency;
			target = 4D1FD08924652845003A250B /* MVPSimpleSample */;
			targetProxy = 4D1FD0AA24652847003A250B /* PBXContainerItemProxy */;
		};
/* End PBXTargetDependency section */

/* Begin PBXVariantGroup section */
		4D1FD09124652845003A250B /* Main.storyboard */ = {
			isa = PBXVariantGroup;
			children = (
				4D1FD09224652845003A250B /* Base */,
			);
			name = Main.storyboard;
			sourceTree = "<group>";
		};
		4D1FD09624652847003A250B /* LaunchScreen.storyboard */ = {
			isa = PBXVariantGroup;
			children = (
				4D1FD09724652847003A250B /* Base */,
			);
			name = LaunchScreen.storyboard;
			sourceTree = "<group>";
		};
/* End PBXVariantGroup section */

/* Begin XCBuildConfiguration section */
		4D1FD0B024652847003A250B /* Debug */ = {
			isa = XCBuildConfiguration;
			buildSettings = {
				ALWAYS_SEARCH_USER_PATHS = NO;
				CLANG_ANALYZER_NONNULL = YES;
				CLANG_ANALYZER_NUMBER_OBJECT_CONVERSION = YES_AGGRESSIVE;
				CLANG_CXX_LANGUAGE_STANDARD = "gnu++14";
				CLANG_CXX_LIBRARY = "libc++";
				CLANG_ENABLE_MODULES = YES;
				CLANG_ENABLE_OBJC_ARC = YES;
				CLANG_ENABLE_OBJC_WEAK = YES;
				CLANG_WARN_BLOCK_CAPTURE_AUTORELEASING = YES;
				CLANG_WARN_BOOL_CONVERSION = YES;
				CLANG_WARN_COMMA = YES;
				CLANG_WARN_CONSTANT_CONVERSION = YES;
				CLANG_WARN_DEPRECATED_OBJC_IMPLEMENTATIONS = YES;
				CLANG_WARN_DIRECT_OBJC_ISA_USAGE = YES_ERROR;
				CLANG_WARN_DOCUMENTATION_COMMENTS = YES;
				CLANG_WARN_EMPTY_BODY = YES;
				CLANG_WARN_ENUM_CONVERSION = YES;
				CLANG_WARN_INFINITE_RECURSION = YES;
				CLANG_WARN_INT_CONVERSION = YES;
				CLANG_WARN_NON_LITERAL_NULL_CONVERSION = YES;
				CLANG_WARN_OBJC_IMPLICIT_RETAIN_SELF = YES;
				CLANG_WARN_OBJC_LITERAL_CONVERSION = YES;
				CLANG_WARN_OBJC_ROOT_CLASS = YES_ERROR;
				CLANG_WARN_RANGE_LOOP_ANALYSIS = YES;
				CLANG_WARN_STRICT_PROTOTYPES = YES;
				CLANG_WARN_SUSPICIOUS_MOVE = YES;
				CLANG_WARN_UNGUARDED_AVAILABILITY = YES_AGGRESSIVE;
				CLANG_WARN_UNREACHABLE_CODE = YES;
				CLANG_WARN__DUPLICATE_METHOD_MATCH = YES;
				CODE_SIGN_IDENTITY = "iPhone Developer";
				COPY_PHASE_STRIP = NO;
				DEBUG_INFORMATION_FORMAT = dwarf;
				ENABLE_STRICT_OBJC_MSGSEND = YES;
				ENABLE_TESTABILITY = YES;
				GCC_C_LANGUAGE_STANDARD = gnu11;
				GCC_DYNAMIC_NO_PIC = NO;
				GCC_NO_COMMON_BLOCKS = YES;
				GCC_OPTIMIZATION_LEVEL = 0;
				GCC_PREPROCESSOR_DEFINITIONS = (
					"DEBUG=1",
					"$(inherited)",
				);
				GCC_WARN_64_TO_32_BIT_CONVERSION = YES;
				GCC_WARN_ABOUT_RETURN_TYPE = YES_ERROR;
				GCC_WARN_UNDECLARED_SELECTOR = YES;
				GCC_WARN_UNINITIALIZED_AUTOS = YES_AGGRESSIVE;
				GCC_WARN_UNUSED_FUNCTION = YES;
				GCC_WARN_UNUSED_VARIABLE = YES;
				IPHONEOS_DEPLOYMENT_TARGET = 12.2;
				MTL_ENABLE_DEBUG_INFO = INCLUDE_SOURCE;
				MTL_FAST_MATH = YES;
				ONLY_ACTIVE_ARCH = YES;
				SDKROOT = iphoneos;
				SWIFT_ACTIVE_COMPILATION_CONDITIONS = DEBUG;
				SWIFT_OPTIMIZATION_LEVEL = "-Onone";
			};
			name = Debug;
		};
		4D1FD0B124652847003A250B /* Release */ = {
			isa = XCBuildConfiguration;
			buildSettings = {
				ALWAYS_SEARCH_USER_PATHS = NO;
				CLANG_ANALYZER_NONNULL = YES;
				CLANG_ANALYZER_NUMBER_OBJECT_CONVERSION = YES_AGGRESSIVE;
				CLANG_CXX_LANGUAGE_STANDARD = "gnu++14";
				CLANG_CXX_LIBRARY = "libc++";
				CLANG_ENABLE_MODULES = YES;
				CLANG_ENABLE_OBJC_ARC = YES;
				CLANG_ENABLE_OBJC_WEAK = YES;
				CLANG_WARN_BLOCK_CAPTURE_AUTORELEASING = YES;
				CLANG_WARN_BOOL_CONVERSION = YES;
				CLANG_WARN_COMMA = YES;
				CLANG_WARN_CONSTANT_CONVERSION = YES;
				CLANG_WARN_DEPRECATED_OBJC_IMPLEMENTATIONS = YES;
				CLANG_WARN_DIRECT_OBJC_ISA_USAGE = YES_ERROR;
				CLANG_WARN_DOCUMENTATION_COMMENTS = YES;
				CLANG_WARN_EMPTY_BODY = YES;
				CLANG_WARN_ENUM_CONVERSION = YES;
				CLANG_WARN_INFINITE_RECURSION = YES;
				CLANG_WARN_INT_CONVERSION = YES;
				CLANG_WARN_NON_LITERAL_NULL_CONVERSION = YES;
				CLANG_WARN_OBJC_IMPLICIT_RETAIN_SELF = YES;
				CLANG_WARN_OBJC_LITERAL_CONVERSION = YES;
				CLANG_WARN_OBJC_ROOT_CLASS = YES_ERROR;
				CLANG_WARN_RANGE_LOOP_ANALYSIS = YES;
				CLANG_WARN_STRICT_PROTOTYPES = YES;
				CLANG_WARN_SUSPICIOUS_MOVE = YES;
				CLANG_WARN_UNGUARDED_AVAILABILITY = YES_AGGRESSIVE;
				CLANG_WARN_UNREACHABLE_CODE = YES;
				CLANG_WARN__DUPLICATE_METHOD_MATCH = YES;
				CODE_SIGN_IDENTITY = "iPhone Developer";
				COPY_PHASE_STRIP = NO;
				DEBUG_INFORMATION_FORMAT = "dwarf-with-dsym";
				ENABLE_NS_ASSERTIONS = NO;
				ENABLE_STRICT_OBJC_MSGSEND = YES;
				GCC_C_LANGUAGE_STANDARD = gnu11;
				GCC_NO_COMMON_BLOCKS = YES;
				GCC_WARN_64_TO_32_BIT_CONVERSION = YES;
				GCC_WARN_ABOUT_RETURN_TYPE = YES_ERROR;
				GCC_WARN_UNDECLARED_SELECTOR = YES;
				GCC_WARN_UNINITIALIZED_AUTOS = YES_AGGRESSIVE;
				GCC_WARN_UNUSED_FUNCTION = YES;
				GCC_WARN_UNUSED_VARIABLE = YES;
				IPHONEOS_DEPLOYMENT_TARGET = 12.2;
				MTL_ENABLE_DEBUG_INFO = NO;
				MTL_FAST_MATH = YES;
				SDKROOT = iphoneos;
				SWIFT_COMPILATION_MODE = wholemodule;
				SWIFT_OPTIMIZATION_LEVEL = "-O";
				VALIDATE_PRODUCT = YES;
			};
			name = Release;
		};
		4D1FD0B324652847003A250B /* Debug */ = {
			isa = XCBuildConfiguration;
			buildSettings = {
				ASSETCATALOG_COMPILER_APPICON_NAME = AppIcon;
				CODE_SIGN_STYLE = Manual;
				DEVELOPMENT_TEAM = "";
				INFOPLIST_FILE = MVPSimpleSample/Info.plist;
				LD_RUNPATH_SEARCH_PATHS = (
					"$(inherited)",
					"@executable_path/Frameworks",
				);
				PRODUCT_BUNDLE_IDENTIFIER = jp.co.takafm.MVPSimpleSample;
				PRODUCT_NAME = "$(TARGET_NAME)";
				PROVISIONING_PROFILE_SPECIFIER = "";
				SWIFT_VERSION = 5.0;
				TARGETED_DEVICE_FAMILY = "1,2";
			};
			name = Debug;
		};
		4D1FD0B424652847003A250B /* Release */ = {
			isa = XCBuildConfiguration;
			buildSettings = {
				ASSETCATALOG_COMPILER_APPICON_NAME = AppIcon;
				CODE_SIGN_STYLE = Manual;
				DEVELOPMENT_TEAM = "";
				INFOPLIST_FILE = MVPSimpleSample/Info.plist;
				LD_RUNPATH_SEARCH_PATHS = (
					"$(inherited)",
					"@executable_path/Frameworks",
				);
				PRODUCT_BUNDLE_IDENTIFIER = jp.co.takafm.MVPSimpleSample;
				PRODUCT_NAME = "$(TARGET_NAME)";
				PROVISIONING_PROFILE_SPECIFIER = "";
				SWIFT_VERSION = 5.0;
				TARGETED_DEVICE_FAMILY = "1,2";
			};
			name = Release;
		};
		4D1FD0B624652847003A250B /* Debug */ = {
			isa = XCBuildConfiguration;
			buildSettings = {
				ALWAYS_EMBED_SWIFT_STANDARD_LIBRARIES = YES;
				BUNDLE_LOADER = "$(TEST_HOST)";
				CODE_SIGN_STYLE = Automatic;
				DEVELOPMENT_TEAM = R8R26XE5GB;
				INFOPLIST_FILE = MVPSimpleSampleTests/Info.plist;
				LD_RUNPATH_SEARCH_PATHS = (
					"$(inherited)",
					"@executable_path/Frameworks",
					"@loader_path/Frameworks",
				);
				PRODUCT_BUNDLE_IDENTIFIER = jp.co.takafm.MVPSimpleSampleTests;
				PRODUCT_NAME = "$(TARGET_NAME)";
				SWIFT_VERSION = 5.0;
				TARGETED_DEVICE_FAMILY = "1,2";
				TEST_HOST = "$(BUILT_PRODUCTS_DIR)/MVPSimpleSample.app/MVPSimpleSample";
			};
			name = Debug;
		};
		4D1FD0B724652847003A250B /* Release */ = {
			isa = XCBuildConfiguration;
			buildSettings = {
				ALWAYS_EMBED_SWIFT_STANDARD_LIBRARIES = YES;
				BUNDLE_LOADER = "$(TEST_HOST)";
				CODE_SIGN_STYLE = Automatic;
				DEVELOPMENT_TEAM = R8R26XE5GB;
				INFOPLIST_FILE = MVPSimpleSampleTests/Info.plist;
				LD_RUNPATH_SEARCH_PATHS = (
					"$(inherited)",
					"@executable_path/Frameworks",
					"@loader_path/Frameworks",
				);
				PRODUCT_BUNDLE_IDENTIFIER = jp.co.takafm.MVPSimpleSampleTests;
				PRODUCT_NAME = "$(TARGET_NAME)";
				SWIFT_VERSION = 5.0;
				TARGETED_DEVICE_FAMILY = "1,2";
				TEST_HOST = "$(BUILT_PRODUCTS_DIR)/MVPSimpleSample.app/MVPSimpleSample";
			};
			name = Release;
		};
		4D1FD0B924652847003A250B /* Debug */ = {
			isa = XCBuildConfiguration;
			buildSettings = {
				ALWAYS_EMBED_SWIFT_STANDARD_LIBRARIES = YES;
				CODE_SIGN_STYLE = Automatic;
				DEVELOPMENT_TEAM = R8R26XE5GB;
				INFOPLIST_FILE = MVPSimpleSampleUITests/Info.plist;
				LD_RUNPATH_SEARCH_PATHS = (
					"$(inherited)",
					"@executable_path/Frameworks",
					"@loader_path/Frameworks",
				);
				PRODUCT_BUNDLE_IDENTIFIER = jp.co.takafm.MVPSimpleSampleUITests;
				PRODUCT_NAME = "$(TARGET_NAME)";
				SWIFT_VERSION = 5.0;
				TARGETED_DEVICE_FAMILY = "1,2";
				TEST_TARGET_NAME = MVPSimpleSample;
			};
			name = Debug;
		};
		4D1FD0BA24652847003A250B /* Release */ = {
			isa = XCBuildConfiguration;
			buildSettings = {
				ALWAYS_EMBED_SWIFT_STANDARD_LIBRARIES = YES;
				CODE_SIGN_STYLE = Automatic;
				DEVELOPMENT_TEAM = R8R26XE5GB;
				INFOPLIST_FILE = MVPSimpleSampleUITests/Info.plist;
				LD_RUNPATH_SEARCH_PATHS = (
					"$(inherited)",
					"@executable_path/Frameworks",
					"@loader_path/Frameworks",
				);
				PRODUCT_BUNDLE_IDENTIFIER = jp.co.takafm.MVPSimpleSampleUITests;
				PRODUCT_NAME = "$(TARGET_NAME)";
				SWIFT_VERSION = 5.0;
				TARGETED_DEVICE_FAMILY = "1,2";
				TEST_TARGET_NAME = MVPSimpleSample;
			};
			name = Release;
		};
/* End XCBuildConfiguration section */

/* Begin XCConfigurationList section */
		4D1FD08524652845003A250B /* Build configuration list for PBXProject "MVPSimpleSample" */ = {
			isa = XCConfigurationList;
			buildConfigurations = (
				4D1FD0B024652847003A250B /* Debug */,
				4D1FD0B124652847003A250B /* Release */,
			);
			defaultConfigurationIsVisible = 0;
			defaultConfigurationName = Release;
		};
		4D1FD0B224652847003A250B /* Build configuration list for PBXNativeTarget "MVPSimpleSample" */ = {
			isa = XCConfigurationList;
			buildConfigurations = (
				4D1FD0B324652847003A250B /* Debug */,
				4D1FD0B424652847003A250B /* Release */,
			);
			defaultConfigurationIsVisible = 0;
			defaultConfigurationName = Release;
		};
		4D1FD0B524652847003A250B /* Build configuration list for PBXNativeTarget "MVPSimpleSampleTests" */ = {
			isa = XCConfigurationList;
			buildConfigurations = (
				4D1FD0B624652847003A250B /* Debug */,
				4D1FD0B724652847003A250B /* Release */,
			);
			defaultConfigurationIsVisible = 0;
			defaultConfigurationName = Release;
		};
		4D1FD0B824652847003A250B /* Build configuration list for PBXNativeTarget "MVPSimpleSampleUITests" */ = {
			isa = XCConfigurationList;
			buildConfigurations = (
				4D1FD0B924652847003A250B /* Debug */,
				4D1FD0BA24652847003A250B /* Release */,
			);
			defaultConfigurationIsVisible = 0;
			defaultConfigurationName = Release;
		};
/* End XCConfigurationList section */
	};
	rootObject = 4D1FD08224652845003A250B /* Project object */;
}
